
Microsoft Visual Studio Solution File, Format Version 12.00
# Visual Studio Version 16
VisualStudioVersion = 16.0.30907.101
MinimumVisualStudioVersion = 10.0.40219.1
Project("{FAE04EC0-301F-11D3-BF4B-00C04F79EFBC}") = "QuotesApi", "QuotesApi.csproj", "{88D1F6C3-B325-4D72-A823-40D3B6ACA0A4}"
EndProject
Global
	GlobalSection(SolutionConfigurationPlatforms) = preSolution
		Debug|Any CPU = Debug|Any CPU
		Release|Any CPU = Release|Any CPU
	EndGlobalSection
	GlobalSection(ProjectConfigurationPlatforms) = postSolution
		{88D1F6C3-B325-4D72-A823-40D3B6ACA0A4}.Debug|Any CPU.ActiveCfg = Debug|Any CPU
		{88D1F6C3-B325-4D72-A823-40D3B6ACA0A4}.Debug|Any CPU.Build.0 = Debug|Any CPU
		{88D1F6C3-B325-4D72-A823-40D3B6ACA0A4}.Release|Any CPU.ActiveCfg = Release|Any CPU
		{88D1F6C3-B325-4D72-A823-40D3B6ACA0A4}.Release|Any CPU.Build.0 = Release|Any CPU
	EndGlobalSection
	GlobalSection(SolutionProperties) = preSolution
		HideSolutionNode = FALSE
	EndGlobalSection
	GlobalSection(ExtensibilityGlobals) = postSolution
		SolutionGuid = {78500B72-DE48-48A4-BEDB-C0790A4F8016}
	EndGlobalSection
EndGlobal
